
Microsoft Visual Studio Solution File, Format Version 12.00
# Visual Studio Version 16
VisualStudioVersion = 16.0.30114.105
MinimumVisualStudioVersion = 10.0.40219.1
Project("{9A19103F-16F7-4668-BE54-9A1E7A4F7556}") = "LentoCore", "LentoCore\LentoCore.csproj", "{5F6049A0-EBC1-4784-AFC5-BB5229F82316}"
EndProject
Project("{9A19103F-16F7-4668-BE54-9A1E7A4F7556}") = "LentoCLI", "LentoCLI\LentoCLI.csproj", "{EC2D244A-8E3C-4BA9-B345-C83B8AA0EFC1}"
	ProjectSection(ProjectDependencies) = postProject
		{5F6049A0-EBC1-4784-AFC5-BB5229F82316} = {5F6049A0-EBC1-4784-AFC5-BB5229F82316}
	EndProjectSection
EndProject
Global
	GlobalSection(SolutionConfigurationPlatforms) = preSolution
		Debug|Any CPU = Debug|Any CPU
		Debug|x64 = Debug|x64
		Debug|x86 = Debug|x86
		Release|Any CPU = Release|Any CPU
		Release|x64 = Release|x64
		Release|x86 = Release|x86
	EndGlobalSection
	GlobalSection(ProjectConfigurationPlatforms) = postSolution
		{5F6049A0-EBC1-4784-AFC5-BB5229F82316}.Debug|Any CPU.ActiveCfg = Debug|Any CPU
		{5F6049A0-EBC1-4784-AFC5-BB5229F82316}.Debug|Any CPU.Build.0 = Debug|Any CPU
		{5F6049A0-EBC1-4784-AFC5-BB5229F82316}.Debug|x64.ActiveCfg = Debug|Any CPU
		{5F6049A0-EBC1-4784-AFC5-BB5229F82316}.Debug|x64.Build.0 = Debug|Any CPU
		{5F6049A0-EBC1-4784-AFC5-BB5229F82316}.Debug|x86.ActiveCfg = Debug|Any CPU
		{5F6049A0-EBC1-4784-AFC5-BB5229F82316}.Debug|x86.Build.0 = Debug|Any CPU
		{5F6049A0-EBC1-4784-AFC5-BB5229F82316}.Release|Any CPU.ActiveCfg = Release|Any CPU
		{5F6049A0-EBC1-4784-AFC5-BB5229F82316}.Release|Any CPU.Build.0 = Release|Any CPU
		{5F6049A0-EBC1-4784-AFC5-BB5229F82316}.Release|x64.ActiveCfg = Release|Any CPU
		{5F6049A0-EBC1-4784-AFC5-BB5229F82316}.Release|x64.Build.0 = Release|Any CPU
		{5F6049A0-EBC1-4784-AFC5-BB5229F82316}.Release|x86.ActiveCfg = Release|Any CPU
		{5F6049A0-EBC1-4784-AFC5-BB5229F82316}.Release|x86.Build.0 = Release|Any CPU
		{EC2D244A-8E3C-4BA9-B345-C83B8AA0EFC1}.Debug|Any CPU.ActiveCfg = Debug|Any CPU
		{EC2D244A-8E3C-4BA9-B345-C83B8AA0EFC1}.Debug|Any CPU.Build.0 = Debug|Any CPU
		{EC2D244A-8E3C-4BA9-B345-C83B8AA0EFC1}.Debug|x64.ActiveCfg = Debug|Any CPU
		{EC2D244A-8E3C-4BA9-B345-C83B8AA0EFC1}.Debug|x64.Build.0 = Debug|Any CPU
		{EC2D244A-8E3C-4BA9-B345-C83B8AA0EFC1}.Debug|x86.ActiveCfg = Debug|Any CPU
		{EC2D244A-8E3C-4BA9-B345-C83B8AA0EFC1}.Debug|x86.Build.0 = Debug|Any CPU
		{EC2D244A-8E3C-4BA9-B345-C83B8AA0EFC1}.Release|Any CPU.ActiveCfg = Release|Any CPU
		{EC2D244A-8E3C-4BA9-B345-C83B8AA0EFC1}.Release|Any CPU.Build.0 = Release|Any CPU
		{EC2D244A-8E3C-4BA9-B345-C83B8AA0EFC1}.Release|x64.ActiveCfg = Release|Any CPU
		{EC2D244A-8E3C-4BA9-B345-C83B8AA0EFC1}.Release|x64.Build.0 = Release|Any CPU
		{EC2D244A-8E3C-4BA9-B345-C83B8AA0EFC1}.Release|x86.ActiveCfg = Release|Any CPU
		{EC2D244A-8E3C-4BA9-B345-C83B8AA0EFC1}.Release|x86.Build.0 = Release|Any CPU
	EndGlobalSection
	GlobalSection(SolutionProperties) = preSolution
		HideSolutionNode = FALSE
	EndGlobalSection
	GlobalSection(ExtensibilityGlobals) = postSolution
		SolutionGuid = {51CDBAD0-C26B-4B21-B59A-F229B164831E}
	EndGlobalSection
EndGlobal
